// !$*UTF8*$!
{
	archiveVersion = 1;
	classes = {
	};
	objectVersion = 46;
	objects = {

/* Begin PBXBuildFile section */
		4716544A163B0E14006FA8E6 /* UIKit.framework in Frameworks */ = {isa = PBXBuildFile; fileRef = 47165449163B0E14006FA8E6 /* UIKit.framework */; };
		4716544C163B0E14006FA8E6 /* Foundation.framework in Frameworks */ = {isa = PBXBuildFile; fileRef = 4716544B163B0E14006FA8E6 /* Foundation.framework */; };
		4716544E163B0E14006FA8E6 /* CoreGraphics.framework in Frameworks */ = {isa = PBXBuildFile; fileRef = 4716544D163B0E14006FA8E6 /* CoreGraphics.framework */; };
		47165454163B0E14006FA8E6 /* InfoPlist.strings in Resources */ = {isa = PBXBuildFile; fileRef = 47165452163B0E14006FA8E6 /* InfoPlist.strings */; };
		4716545A163B0E14006FA8E6 /* AppDelegate.m in Sources */ = {isa = PBXBuildFile; fileRef = 47165459163B0E14006FA8E6 /* AppDelegate.m */; };
		4716545D163B0E14006FA8E6 /* MainStoryboard.storyboard in Resources */ = {isa = PBXBuildFile; fileRef = 4716545B163B0E14006FA8E6 /* MainStoryboard.storyboard */; };
		47165468163B0E14006FA8E6 /* SenTestingKit.framework in Frameworks */ = {isa = PBXBuildFile; fileRef = 47165467163B0E14006FA8E6 /* SenTestingKit.framework */; };
		47165469163B0E14006FA8E6 /* UIKit.framework in Frameworks */ = {isa = PBXBuildFile; fileRef = 47165449163B0E14006FA8E6 /* UIKit.framework */; };
		4716546A163B0E14006FA8E6 /* Foundation.framework in Frameworks */ = {isa = PBXBuildFile; fileRef = 4716544B163B0E14006FA8E6 /* Foundation.framework */; };
		47165472163B0E14006FA8E6 /* InfoPlist.strings in Resources */ = {isa = PBXBuildFile; fileRef = 47165470163B0E14006FA8E6 /* InfoPlist.strings */; };
		47165475163B0E14006FA8E6 /* CookboxTests.m in Sources */ = {isa = PBXBuildFile; fileRef = 47165474163B0E14006FA8E6 /* CookboxTests.m */; };
		4721772716B04B1800D0488E /* alpha.png in Resources */ = {isa = PBXBuildFile; fileRef = 4721772616B04B1800D0488E /* alpha.png */; };
		4721772916B04C8E00D0488E /* tag.png in Resources */ = {isa = PBXBuildFile; fileRef = 4721772816B04C8E00D0488E /* tag.png */; };
		4721772C16B0676300D0488E /* PhotoGalleryController.m in Sources */ = {isa = PBXBuildFile; fileRef = 4721772B16B0676300D0488E /* PhotoGalleryController.m */; };
		4721773016B0705700D0488E /* Media.m in Sources */ = {isa = PBXBuildFile; fileRef = 4721772F16B0705700D0488E /* Media.m */; };
		4721773216B0880400D0488E /* AssetsLibrary.framework in Frameworks */ = {isa = PBXBuildFile; fileRef = 4721773116B0880400D0488E /* AssetsLibrary.framework */; };
		4721773516B08B7C00D0488E /* PhotoController.m in Sources */ = {isa = PBXBuildFile; fileRef = 4721773416B08B7C00D0488E /* PhotoController.m */; };
		4742B3461695DB7700E076AB /* Model.xcdatamodeld in Sources */ = {isa = PBXBuildFile; fileRef = 4742B3441695DB7700E076AB /* Model.xcdatamodeld */; };
		4742B34E1695E33700E076AB /* RecipeSource.m in Sources */ = {isa = PBXBuildFile; fileRef = 4742B34D1695E33700E076AB /* RecipeSource.m */; };
		4742B3501695E3D000E076AB /* CoreData.framework in Frameworks */ = {isa = PBXBuildFile; fileRef = 4742B34F1695E3D000E076AB /* CoreData.framework */; };
		4742B3531695E41300E076AB /* Recipe.m in Sources */ = {isa = PBXBuildFile; fileRef = 4742B3521695E41300E076AB /* Recipe.m */; };
		4742B3561695E42100E076AB /* Ingredient.m in Sources */ = {isa = PBXBuildFile; fileRef = 4742B3551695E42100E076AB /* Ingredient.m */; };
		474853B616974F4F00EA7360 /* libGHMarkdownParser.a in Frameworks */ = {isa = PBXBuildFile; fileRef = 474853B316974F3A00EA7360 /* libGHMarkdownParser.a */; };
		474853B81697503700EA7360 /* Default-568h@2x.png in Resources */ = {isa = PBXBuildFile; fileRef = 474853B71697503700EA7360 /* Default-568h@2x.png */; };
		474853BB16976A5600EA7360 /* RecipeController.m in Sources */ = {isa = PBXBuildFile; fileRef = 474853BA16976A5600EA7360 /* RecipeController.m */; };
		479410301694C1DC00333176 /* RecipeListController.m in Sources */ = {isa = PBXBuildFile; fileRef = 4794102F1694C1DC00333176 /* RecipeListController.m */; };
		479410321694C2F700333176 /* Settings.bundle in Resources */ = {isa = PBXBuildFile; fileRef = 479410311694C2F700333176 /* Settings.bundle */; };
		479410381694C72300333176 /* DropboxSDK.framework in Frameworks */ = {isa = PBXBuildFile; fileRef = 479410371694C72300333176 /* DropboxSDK.framework */; };
		4794103A1694C7E500333176 /* Security.framework in Frameworks */ = {isa = PBXBuildFile; fileRef = 479410391694C7E500333176 /* Security.framework */; };
		4794103C1694C7EF00333176 /* QuartzCore.framework in Frameworks */ = {isa = PBXBuildFile; fileRef = 4794103B1694C7EF00333176 /* QuartzCore.framework */; };
		47C2F09616AEF319001B2D4A /* recipe-template.html in Resources */ = {isa = PBXBuildFile; fileRef = 47C2F09516AEF319001B2D4A /* recipe-template.html */; };
		47C2F0AB16AF07A6001B2D4A /* EDStarRating.m in Sources */ = {isa = PBXBuildFile; fileRef = 47C2F0A716AF07A6001B2D4A /* EDStarRating.m */; };
		47C2F0AC16AF07A6001B2D4A /* star.png in Resources */ = {isa = PBXBuildFile; fileRef = 47C2F0A816AF07A6001B2D4A /* star.png */; };
		47C2F0AD16AF07A6001B2D4A /* starhighlighted.png in Resources */ = {isa = PBXBuildFile; fileRef = 47C2F0A916AF07A6001B2D4A /* starhighlighted.png */; };
		47C2F0AE16AF07A6001B2D4A /* starsbackground.png in Resources */ = {isa = PBXBuildFile; fileRef = 47C2F0AA16AF07A6001B2D4A /* starsbackground.png */; };
		47C2F0AF16AF07AF001B2D4A /* EDStarRating.m in Sources */ = {isa = PBXBuildFile; fileRef = 47C2F0A716AF07A6001B2D4A /* EDStarRating.m */; };
		47C2F0B016AF108E001B2D4A /* star.png in Resources */ = {isa = PBXBuildFile; fileRef = 47C2F0A816AF07A6001B2D4A /* star.png */; };
		47C2F0B116AF108E001B2D4A /* starhighlighted.png in Resources */ = {isa = PBXBuildFile; fileRef = 47C2F0A916AF07A6001B2D4A /* starhighlighted.png */; };
		47C2F0B216AF108E001B2D4A /* starsbackground.png in Resources */ = {isa = PBXBuildFile; fileRef = 47C2F0AA16AF07A6001B2D4A /* starsbackground.png */; };
		47C2F0B716AF1F25001B2D4A /* TagController.m in Sources */ = {isa = PBXBuildFile; fileRef = 47C2F0B616AF1F25001B2D4A /* TagController.m */; };
		47C2F0BA16AF218E001B2D4A /* Tag.m in Sources */ = {isa = PBXBuildFile; fileRef = 47C2F0B916AF218E001B2D4A /* Tag.m */; };
		47D77B7C169B1FD400A4AEF8 /* jquery-1.8.3.min.js in Resources */ = {isa = PBXBuildFile; fileRef = 47D77B7A169B1F9600A4AEF8 /* jquery-1.8.3.min.js */; };
		47D77B81169B23FB00A4AEF8 /* scraper.html in Resources */ = {isa = PBXBuildFile; fileRef = 47D77B80169B23FB00A4AEF8 /* scraper.html */; };
		47D77B85169B382500A4AEF8 /* recipes in Resources */ = {isa = PBXBuildFile; fileRef = 47D77B84169B382500A4AEF8 /* recipes */; };
		47D77B87169B402800A4AEF8 /* scrapers in Resources */ = {isa = PBXBuildFile; fileRef = 47D77B86169B402800A4AEF8 /* scrapers */; };
		47DD9D8D16972D4F00499581 /* main.m in Sources */ = {isa = PBXBuildFile; fileRef = 47DD9D8C16972D4F00499581 /* main.m */; };
/* End PBXBuildFile section */

/* Begin PBXContainerItemProxy section */
		4716546B163B0E14006FA8E6 /* PBXContainerItemProxy */ = {
			isa = PBXContainerItemProxy;
			containerPortal = 4716543C163B0E14006FA8E6 /* Project object */;
			proxyType = 1;
			remoteGlobalIDString = 47165444163B0E14006FA8E6;
			remoteInfo = Cookbox;
		};
		474853B216974F3A00EA7360 /* PBXContainerItemProxy */ = {
			isa = PBXContainerItemProxy;
			containerPortal = 474853AB16974F3A00EA7360 /* GHMarkdownParser.xcodeproj */;
			proxyType = 2;
			remoteGlobalIDString = A7C525F213E6FE1A0003EEE5;
			remoteInfo = GHMarkdownParser;
		};
		474853B416974F4500EA7360 /* PBXContainerItemProxy */ = {
			isa = PBXContainerItemProxy;
			containerPortal = 474853AB16974F3A00EA7360 /* GHMarkdownParser.xcodeproj */;
			proxyType = 1;
			remoteGlobalIDString = A7C525F113E6FE1A0003EEE5;
			remoteInfo = GHMarkdownParser;
		};
/* End PBXContainerItemProxy section */

/* Begin PBXFileReference section */
		47165445163B0E14006FA8E6 /* Cookbox.app */ = {isa = PBXFileReference; explicitFileType = wrapper.application; includeInIndex = 0; path = Cookbox.app; sourceTree = BUILT_PRODUCTS_DIR; };
		47165449163B0E14006FA8E6 /* UIKit.framework */ = {isa = PBXFileReference; lastKnownFileType = wrapper.framework; name = UIKit.framework; path = System/Library/Frameworks/UIKit.framework; sourceTree = SDKROOT; };
		4716544B163B0E14006FA8E6 /* Foundation.framework */ = {isa = PBXFileReference; lastKnownFileType = wrapper.framework; name = Foundation.framework; path = System/Library/Frameworks/Foundation.framework; sourceTree = SDKROOT; };
		4716544D163B0E14006FA8E6 /* CoreGraphics.framework */ = {isa = PBXFileReference; lastKnownFileType = wrapper.framework; name = CoreGraphics.framework; path = System/Library/Frameworks/CoreGraphics.framework; sourceTree = SDKROOT; };
		47165451163B0E14006FA8E6 /* Cookbox-Info.plist */ = {isa = PBXFileReference; lastKnownFileType = text.plist.xml; path = "Cookbox-Info.plist"; sourceTree = "<group>"; };
		47165453163B0E14006FA8E6 /* en */ = {isa = PBXFileReference; lastKnownFileType = text.plist.strings; name = en; path = en.lproj/InfoPlist.strings; sourceTree = "<group>"; };
		47165457163B0E14006FA8E6 /* Cookbox-Prefix.pch */ = {isa = PBXFileReference; lastKnownFileType = sourcecode.c.h; path = "Cookbox-Prefix.pch"; sourceTree = "<group>"; };
		47165458163B0E14006FA8E6 /* AppDelegate.h */ = {isa = PBXFileReference; lastKnownFileType = sourcecode.c.h; path = AppDelegate.h; sourceTree = "<group>"; };
		47165459163B0E14006FA8E6 /* AppDelegate.m */ = {isa = PBXFileReference; lastKnownFileType = sourcecode.c.objc; path = AppDelegate.m; sourceTree = "<group>"; };
		4716545C163B0E14006FA8E6 /* en */ = {isa = PBXFileReference; lastKnownFileType = file.storyboard; name = en; path = en.lproj/MainStoryboard.storyboard; sourceTree = "<group>"; };
		47165466163B0E14006FA8E6 /* CookboxTests.octest */ = {isa = PBXFileReference; explicitFileType = wrapper.cfbundle; includeInIndex = 0; path = CookboxTests.octest; sourceTree = BUILT_PRODUCTS_DIR; };
		47165467163B0E14006FA8E6 /* SenTestingKit.framework */ = {isa = PBXFileReference; lastKnownFileType = wrapper.framework; name = SenTestingKit.framework; path = Library/Frameworks/SenTestingKit.framework; sourceTree = DEVELOPER_DIR; };
		4716546F163B0E14006FA8E6 /* CookboxTests-Info.plist */ = {isa = PBXFileReference; lastKnownFileType = text.plist.xml; path = "CookboxTests-Info.plist"; sourceTree = "<group>"; };
		47165471163B0E14006FA8E6 /* en */ = {isa = PBXFileReference; lastKnownFileType = text.plist.strings; name = en; path = en.lproj/InfoPlist.strings; sourceTree = "<group>"; };
		47165473163B0E14006FA8E6 /* CookboxTests.h */ = {isa = PBXFileReference; lastKnownFileType = sourcecode.c.h; path = CookboxTests.h; sourceTree = "<group>"; };
		47165474163B0E14006FA8E6 /* CookboxTests.m */ = {isa = PBXFileReference; lastKnownFileType = sourcecode.c.objc; path = CookboxTests.m; sourceTree = "<group>"; };
		4721772616B04B1800D0488E /* alpha.png */ = {isa = PBXFileReference; lastKnownFileType = image.png; path = alpha.png; sourceTree = "<group>"; };
		4721772816B04C8E00D0488E /* tag.png */ = {isa = PBXFileReference; lastKnownFileType = image.png; path = tag.png; sourceTree = "<group>"; };
		4721772A16B0676300D0488E /* PhotoGalleryController.h */ = {isa = PBXFileReference; fileEncoding = 4; lastKnownFileType = sourcecode.c.h; path = PhotoGalleryController.h; sourceTree = "<group>"; };
		4721772B16B0676300D0488E /* PhotoGalleryController.m */ = {isa = PBXFileReference; fileEncoding = 4; lastKnownFileType = sourcecode.c.objc; path = PhotoGalleryController.m; sourceTree = "<group>"; };
		4721772D16B06F6A00D0488E /* Media.xcdatamodel */ = {isa = PBXFileReference; lastKnownFileType = file; path = Media.xcdatamodel; sourceTree = "<group>"; };
		4721772E16B0705700D0488E /* Media.h */ = {isa = PBXFileReference; fileEncoding = 4; lastKnownFileType = sourcecode.c.h; path = Media.h; sourceTree = "<group>"; };
		4721772F16B0705700D0488E /* Media.m */ = {isa = PBXFileReference; fileEncoding = 4; lastKnownFileType = sourcecode.c.objc; path = Media.m; sourceTree = "<group>"; };
		4721773116B0880400D0488E /* AssetsLibrary.framework */ = {isa = PBXFileReference; lastKnownFileType = wrapper.framework; name = AssetsLibrary.framework; path = System/Library/Frameworks/AssetsLibrary.framework; sourceTree = SDKROOT; };
		4721773316B08B7C00D0488E /* PhotoController.h */ = {isa = PBXFileReference; fileEncoding = 4; lastKnownFileType = sourcecode.c.h; path = PhotoController.h; sourceTree = "<group>"; };
		4721773416B08B7C00D0488E /* PhotoController.m */ = {isa = PBXFileReference; fileEncoding = 4; lastKnownFileType = sourcecode.c.objc; path = PhotoController.m; sourceTree = "<group>"; };
		4742B3451695DB7700E076AB /* Model.xcdatamodel */ = {isa = PBXFileReference; lastKnownFileType = wrapper.xcdatamodel; path = Model.xcdatamodel; sourceTree = "<group>"; };
		4742B34C1695E33700E076AB /* RecipeSource.h */ = {isa = PBXFileReference; fileEncoding = 4; lastKnownFileType = sourcecode.c.h; path = RecipeSource.h; sourceTree = "<group>"; };
		4742B34D1695E33700E076AB /* RecipeSource.m */ = {isa = PBXFileReference; fileEncoding = 4; lastKnownFileType = sourcecode.c.objc; path = RecipeSource.m; sourceTree = "<group>"; };
		4742B34F1695E3D000E076AB /* CoreData.framework */ = {isa = PBXFileReference; lastKnownFileType = wrapper.framework; name = CoreData.framework; path = System/Library/Frameworks/CoreData.framework; sourceTree = SDKROOT; };
		4742B3511695E41300E076AB /* Recipe.h */ = {isa = PBXFileReference; fileEncoding = 4; lastKnownFileType = sourcecode.c.h; path = Recipe.h; sourceTree = "<group>"; };
		4742B3521695E41300E076AB /* Recipe.m */ = {isa = PBXFileReference; fileEncoding = 4; lastKnownFileType = sourcecode.c.objc; path = Recipe.m; sourceTree = "<group>"; };
		4742B3541695E42100E076AB /* Ingredient.h */ = {isa = PBXFileReference; fileEncoding = 4; lastKnownFileType = sourcecode.c.h; path = Ingredient.h; sourceTree = "<group>"; };
		4742B3551695E42100E076AB /* Ingredient.m */ = {isa = PBXFileReference; fileEncoding = 4; lastKnownFileType = sourcecode.c.objc; path = Ingredient.m; sourceTree = "<group>"; };
		474853AB16974F3A00EA7360 /* GHMarkdownParser.xcodeproj */ = {isa = PBXFileReference; lastKnownFileType = "wrapper.pb-project"; name = GHMarkdownParser.xcodeproj; path = GHMarkdownParser/GHMarkdownParser/GHMarkdownParser.xcodeproj; sourceTree = "<group>"; };
		474853B71697503700EA7360 /* Default-568h@2x.png */ = {isa = PBXFileReference; lastKnownFileType = image.png; path = "Default-568h@2x.png"; sourceTree = "<group>"; };
		474853B916976A5600EA7360 /* RecipeController.h */ = {isa = PBXFileReference; fileEncoding = 4; lastKnownFileType = sourcecode.c.h; path = RecipeController.h; sourceTree = "<group>"; };
		474853BA16976A5600EA7360 /* RecipeController.m */ = {isa = PBXFileReference; fileEncoding = 4; lastKnownFileType = sourcecode.c.objc; path = RecipeController.m; sourceTree = "<group>"; };
		4794102E1694C1DC00333176 /* RecipeListController.h */ = {isa = PBXFileReference; fileEncoding = 4; lastKnownFileType = sourcecode.c.h; path = RecipeListController.h; sourceTree = "<group>"; };
		4794102F1694C1DC00333176 /* RecipeListController.m */ = {isa = PBXFileReference; fileEncoding = 4; lastKnownFileType = sourcecode.c.objc; path = RecipeListController.m; sourceTree = "<group>"; };
		479410311694C2F700333176 /* Settings.bundle */ = {isa = PBXFileReference; lastKnownFileType = "wrapper.plug-in"; path = Settings.bundle; sourceTree = "<group>"; };
		479410371694C72300333176 /* DropboxSDK.framework */ = {isa = PBXFileReference; lastKnownFileType = wrapper.framework; path = DropboxSDK.framework; sourceTree = "<group>"; };
		479410391694C7E500333176 /* Security.framework */ = {isa = PBXFileReference; lastKnownFileType = wrapper.framework; name = Security.framework; path = System/Library/Frameworks/Security.framework; sourceTree = SDKROOT; };
		4794103B1694C7EF00333176 /* QuartzCore.framework */ = {isa = PBXFileReference; lastKnownFileType = wrapper.framework; name = QuartzCore.framework; path = System/Library/Frameworks/QuartzCore.framework; sourceTree = SDKROOT; };
		47C2F09516AEF319001B2D4A /* recipe-template.html */ = {isa = PBXFileReference; fileEncoding = 4; lastKnownFileType = text.html; path = "recipe-template.html"; sourceTree = "<group>"; };
		47C2F0A616AF07A6001B2D4A /* EDStarRating.h */ = {isa = PBXFileReference; fileEncoding = 4; lastKnownFileType = sourcecode.c.h; path = EDStarRating.h; sourceTree = "<group>"; };
		47C2F0A716AF07A6001B2D4A /* EDStarRating.m */ = {isa = PBXFileReference; fileEncoding = 4; lastKnownFileType = sourcecode.c.objc; path = EDStarRating.m; sourceTree = "<group>"; };
		47C2F0A816AF07A6001B2D4A /* star.png */ = {isa = PBXFileReference; lastKnownFileType = image.png; path = star.png; sourceTree = "<group>"; };
		47C2F0A916AF07A6001B2D4A /* starhighlighted.png */ = {isa = PBXFileReference; lastKnownFileType = image.png; path = starhighlighted.png; sourceTree = "<group>"; };
		47C2F0AA16AF07A6001B2D4A /* starsbackground.png */ = {isa = PBXFileReference; lastKnownFileType = image.png; path = starsbackground.png; sourceTree = "<group>"; };
		47C2F0B316AF1523001B2D4A /* RecipeRating.xcdatamodel */ = {isa = PBXFileReference; lastKnownFileType = wrapper.xcdatamodel; path = RecipeRating.xcdatamodel; sourceTree = "<group>"; };
		47C2F0B416AF1AB2001B2D4A /* Tag.xcdatamodel */ = {isa = PBXFileReference; lastKnownFileType = wrapper.xcdatamodel; path = Tag.xcdatamodel; sourceTree = "<group>"; };
		47C2F0B516AF1F25001B2D4A /* TagController.h */ = {isa = PBXFileReference; fileEncoding = 4; lastKnownFileType = sourcecode.c.h; path = TagController.h; sourceTree = "<group>"; };
		47C2F0B616AF1F25001B2D4A /* TagController.m */ = {isa = PBXFileReference; fileEncoding = 4; lastKnownFileType = sourcecode.c.objc; path = TagController.m; sourceTree = "<group>"; };
		47C2F0B816AF218E001B2D4A /* Tag.h */ = {isa = PBXFileReference; fileEncoding = 4; lastKnownFileType = sourcecode.c.h; path = Tag.h; sourceTree = "<group>"; };
		47C2F0B916AF218E001B2D4A /* Tag.m */ = {isa = PBXFileReference; fileEncoding = 4; lastKnownFileType = sourcecode.c.objc; path = Tag.m; sourceTree = "<group>"; };
		47D77B7A169B1F9600A4AEF8 /* jquery-1.8.3.min.js */ = {isa = PBXFileReference; fileEncoding = 4; lastKnownFileType = sourcecode.javascript; path = "jquery-1.8.3.min.js"; sourceTree = "<group>"; };
		47D77B80169B23FB00A4AEF8 /* scraper.html */ = {isa = PBXFileReference; fileEncoding = 4; lastKnownFileType = text.html; path = scraper.html; sourceTree = "<group>"; };
		47D77B84169B382500A4AEF8 /* recipes */ = {isa = PBXFileReference; lastKnownFileType = folder; path = recipes; sourceTree = "<group>"; };
		47D77B86169B402800A4AEF8 /* scrapers */ = {isa = PBXFileReference; lastKnownFileType = folder; path = scrapers; sourceTree = "<group>"; };
		47DD9D8C16972D4F00499581 /* main.m */ = {isa = PBXFileReference; fileEncoding = 4; lastKnownFileType = sourcecode.c.objc; path = main.m; sourceTree = "<group>"; };
/* End PBXFileReference section */

/* Begin PBXFrameworksBuildPhase section */
		47165442163B0E14006FA8E6 /* Frameworks */ = {
			isa = PBXFrameworksBuildPhase;
			buildActionMask = 2147483647;
			files = (
				4721773216B0880400D0488E /* AssetsLibrary.framework in Frameworks */,
				474853B616974F4F00EA7360 /* libGHMarkdownParser.a in Frameworks */,
				4742B3501695E3D000E076AB /* CoreData.framework in Frameworks */,
				4794103C1694C7EF00333176 /* QuartzCore.framework in Frameworks */,
				4794103A1694C7E500333176 /* Security.framework in Frameworks */,
				4716544A163B0E14006FA8E6 /* UIKit.framework in Frameworks */,
				4716544C163B0E14006FA8E6 /* Foundation.framework in Frameworks */,
				4716544E163B0E14006FA8E6 /* CoreGraphics.framework in Frameworks */,
				479410381694C72300333176 /* DropboxSDK.framework in Frameworks */,
			);
			runOnlyForDeploymentPostprocessing = 0;
		};
		47165462163B0E14006FA8E6 /* Frameworks */ = {
			isa = PBXFrameworksBuildPhase;
			buildActionMask = 2147483647;
			files = (
				47165468163B0E14006FA8E6 /* SenTestingKit.framework in Frameworks */,
				47165469163B0E14006FA8E6 /* UIKit.framework in Frameworks */,
				4716546A163B0E14006FA8E6 /* Foundation.framework in Frameworks */,
			);
			runOnlyForDeploymentPostprocessing = 0;
		};
/* End PBXFrameworksBuildPhase section */

/* Begin PBXGroup section */
		4716543A163B0E14006FA8E6 = {
			isa = PBXGroup;
			children = (
				4721773116B0880400D0488E /* AssetsLibrary.framework */,
				474853B71697503700EA7360 /* Default-568h@2x.png */,
				47C2F0A616AF07A6001B2D4A /* EDStarRating.h */,
				47C2F0A716AF07A6001B2D4A /* EDStarRating.m */,
				47C2F0A816AF07A6001B2D4A /* star.png */,
				47C2F0A916AF07A6001B2D4A /* starhighlighted.png */,
				47C2F0AA16AF07A6001B2D4A /* starsbackground.png */,
				4742B34F1695E3D000E076AB /* CoreData.framework */,
				4794103B1694C7EF00333176 /* QuartzCore.framework */,
				479410391694C7E500333176 /* Security.framework */,
				4716544F163B0E14006FA8E6 /* Cookbox */,
				4716546D163B0E14006FA8E6 /* CookboxTests */,
				47165448163B0E14006FA8E6 /* Frameworks */,
				47165446163B0E14006FA8E6 /* Products */,
				474853AB16974F3A00EA7360 /* GHMarkdownParser.xcodeproj */,
			);
			sourceTree = "<group>";
		};
		47165446163B0E14006FA8E6 /* Products */ = {
			isa = PBXGroup;
			children = (
				47165445163B0E14006FA8E6 /* Cookbox.app */,
				47165466163B0E14006FA8E6 /* CookboxTests.octest */,
			);
			name = Products;
			sourceTree = "<group>";
		};
		47165448163B0E14006FA8E6 /* Frameworks */ = {
			isa = PBXGroup;
			children = (
				479410371694C72300333176 /* DropboxSDK.framework */,
				47165449163B0E14006FA8E6 /* UIKit.framework */,
				4716544B163B0E14006FA8E6 /* Foundation.framework */,
				4716544D163B0E14006FA8E6 /* CoreGraphics.framework */,
				47165467163B0E14006FA8E6 /* SenTestingKit.framework */,
			);
			name = Frameworks;
			sourceTree = "<group>";
		};
		4716544F163B0E14006FA8E6 /* Cookbox */ = {
			isa = PBXGroup;
			children = (
				47165458163B0E14006FA8E6 /* AppDelegate.h */,
				47165459163B0E14006FA8E6 /* AppDelegate.m */,
				4716545B163B0E14006FA8E6 /* MainStoryboard.storyboard */,
				4721773316B08B7C00D0488E /* PhotoController.h */,
				4721773416B08B7C00D0488E /* PhotoController.m */,
				4721772A16B0676300D0488E /* PhotoGalleryController.h */,
				4721772B16B0676300D0488E /* PhotoGalleryController.m */,
				47165450163B0E14006FA8E6 /* Supporting Files */,
				4794102E1694C1DC00333176 /* RecipeListController.h */,
				4794102F1694C1DC00333176 /* RecipeListController.m */,
				479410311694C2F700333176 /* Settings.bundle */,
				4742B3441695DB7700E076AB /* Model.xcdatamodeld */,
				4721772E16B0705700D0488E /* Media.h */,
				4721772F16B0705700D0488E /* Media.m */,
				47C2F0B816AF218E001B2D4A /* Tag.h */,
				47C2F0B916AF218E001B2D4A /* Tag.m */,
				4742B3541695E42100E076AB /* Ingredient.h */,
				4742B3551695E42100E076AB /* Ingredient.m */,
				4742B3511695E41300E076AB /* Recipe.h */,
				4742B3521695E41300E076AB /* Recipe.m */,
				4742B34C1695E33700E076AB /* RecipeSource.h */,
				4742B34D1695E33700E076AB /* RecipeSource.m */,
				474853B916976A5600EA7360 /* RecipeController.h */,
				474853BA16976A5600EA7360 /* RecipeController.m */,
				47C2F0B516AF1F25001B2D4A /* TagController.h */,
				47C2F0B616AF1F25001B2D4A /* TagController.m */,
			);
			path = Cookbox;
			sourceTree = "<group>";
		};
		47165450163B0E14006FA8E6 /* Supporting Files */ = {
			isa = PBXGroup;
			children = (
				4721772816B04C8E00D0488E /* tag.png */,
				4721772616B04B1800D0488E /* alpha.png */,
				47D77B86169B402800A4AEF8 /* scrapers */,
				47D77B84169B382500A4AEF8 /* recipes */,
				47D77B80169B23FB00A4AEF8 /* scraper.html */,
				47D77B7A169B1F9600A4AEF8 /* jquery-1.8.3.min.js */,
				47DD9D8C16972D4F00499581 /* main.m */,
				47165451163B0E14006FA8E6 /* Cookbox-Info.plist */,
				47165452163B0E14006FA8E6 /* InfoPlist.strings */,
				47165457163B0E14006FA8E6 /* Cookbox-Prefix.pch */,
				47C2F09516AEF319001B2D4A /* recipe-template.html */,
			);
			name = "Supporting Files";
			sourceTree = "<group>";
		};
		4716546D163B0E14006FA8E6 /* CookboxTests */ = {
			isa = PBXGroup;
			children = (
				47165473163B0E14006FA8E6 /* CookboxTests.h */,
				47165474163B0E14006FA8E6 /* CookboxTests.m */,
				4716546E163B0E14006FA8E6 /* Supporting Files */,
			);
			path = CookboxTests;
			sourceTree = "<group>";
		};
		4716546E163B0E14006FA8E6 /* Supporting Files */ = {
			isa = PBXGroup;
			children = (
				4716546F163B0E14006FA8E6 /* CookboxTests-Info.plist */,
				47165470163B0E14006FA8E6 /* InfoPlist.strings */,
			);
			name = "Supporting Files";
			sourceTree = "<group>";
		};
		474853AC16974F3A00EA7360 /* Products */ = {
			isa = PBXGroup;
			children = (
				474853B316974F3A00EA7360 /* libGHMarkdownParser.a */,
			);
			name = Products;
			sourceTree = "<group>";
		};
/* End PBXGroup section */

/* Begin PBXNativeTarget section */
		47165444163B0E14006FA8E6 /* Cookbox */ = {
			isa = PBXNativeTarget;
			buildConfigurationList = 47165478163B0E14006FA8E6 /* Build configuration list for PBXNativeTarget "Cookbox" */;
			buildPhases = (
				47165441163B0E14006FA8E6 /* Sources */,
				47165442163B0E14006FA8E6 /* Frameworks */,
				47165443163B0E14006FA8E6 /* Resources */,
			);
			buildRules = (
			);
			dependencies = (
				474853B516974F4500EA7360 /* PBXTargetDependency */,
			);
			name = Cookbox;
			productName = Cookbox;
			productReference = 47165445163B0E14006FA8E6 /* Cookbox.app */;
			productType = "com.apple.product-type.application";
		};
		47165465163B0E14006FA8E6 /* CookboxTests */ = {
			isa = PBXNativeTarget;
			buildConfigurationList = 4716547B163B0E14006FA8E6 /* Build configuration list for PBXNativeTarget "CookboxTests" */;
			buildPhases = (
				47165461163B0E14006FA8E6 /* Sources */,
				47165462163B0E14006FA8E6 /* Frameworks */,
				47165463163B0E14006FA8E6 /* Resources */,
				47165464163B0E14006FA8E6 /* ShellScript */,
			);
			buildRules = (
			);
			dependencies = (
				4716546C163B0E14006FA8E6 /* PBXTargetDependency */,
			);
			name = CookboxTests;
			productName = CookboxTests;
			productReference = 47165466163B0E14006FA8E6 /* CookboxTests.octest */;
			productType = "com.apple.product-type.bundle";
		};
/* End PBXNativeTarget section */

/* Begin PBXProject section */
		4716543C163B0E14006FA8E6 /* Project object */ = {
			isa = PBXProject;
			attributes = {
				LastUpgradeCheck = 0430;
			};
			buildConfigurationList = 4716543F163B0E14006FA8E6 /* Build configuration list for PBXProject "Cookbox" */;
			compatibilityVersion = "Xcode 3.2";
			developmentRegion = English;
			hasScannedForEncodings = 0;
			knownRegions = (
				en,
			);
			mainGroup = 4716543A163B0E14006FA8E6;
			productRefGroup = 47165446163B0E14006FA8E6 /* Products */;
			projectDirPath = "";
			projectReferences = (
				{
					ProductGroup = 474853AC16974F3A00EA7360 /* Products */;
					ProjectRef = 474853AB16974F3A00EA7360 /* GHMarkdownParser.xcodeproj */;
				},
			);
			projectRoot = "";
			targets = (
				47165444163B0E14006FA8E6 /* Cookbox */,
				47165465163B0E14006FA8E6 /* CookboxTests */,
			);
		};
/* End PBXProject section */

/* Begin PBXReferenceProxy section */
		474853B316974F3A00EA7360 /* libGHMarkdownParser.a */ = {
			isa = PBXReferenceProxy;
			fileType = archive.ar;
			path = libGHMarkdownParser.a;
			remoteRef = 474853B216974F3A00EA7360 /* PBXContainerItemProxy */;
			sourceTree = BUILT_PRODUCTS_DIR;
		};
/* End PBXReferenceProxy section */

/* Begin PBXResourcesBuildPhase section */
		47165443163B0E14006FA8E6 /* Resources */ = {
			isa = PBXResourcesBuildPhase;
			buildActionMask = 2147483647;
			files = (
				47C2F0B016AF108E001B2D4A /* star.png in Resources */,
				47C2F0B116AF108E001B2D4A /* starhighlighted.png in Resources */,
				47C2F0B216AF108E001B2D4A /* starsbackground.png in Resources */,
				47D77B7C169B1FD400A4AEF8 /* jquery-1.8.3.min.js in Resources */,
				47165454163B0E14006FA8E6 /* InfoPlist.strings in Resources */,
				4716545D163B0E14006FA8E6 /* MainStoryboard.storyboard in Resources */,
				479410321694C2F700333176 /* Settings.bundle in Resources */,
				474853B81697503700EA7360 /* Default-568h@2x.png in Resources */,
				47D77B81169B23FB00A4AEF8 /* scraper.html in Resources */,
				47D77B85169B382500A4AEF8 /* recipes in Resources */,
				47D77B87169B402800A4AEF8 /* scrapers in Resources */,
				47C2F09616AEF319001B2D4A /* recipe-template.html in Resources */,
				4721772716B04B1800D0488E /* alpha.png in Resources */,
				4721772916B04C8E00D0488E /* tag.png in Resources */,
			);
			runOnlyForDeploymentPostprocessing = 0;
		};
		47165463163B0E14006FA8E6 /* Resources */ = {
			isa = PBXResourcesBuildPhase;
			buildActionMask = 2147483647;
			files = (
				47165472163B0E14006FA8E6 /* InfoPlist.strings in Resources */,
				47C2F0AC16AF07A6001B2D4A /* star.png in Resources */,
				47C2F0AD16AF07A6001B2D4A /* starhighlighted.png in Resources */,
				47C2F0AE16AF07A6001B2D4A /* starsbackground.png in Resources */,
			);
			runOnlyForDeploymentPostprocessing = 0;
		};
/* End PBXResourcesBuildPhase section */

/* Begin PBXShellScriptBuildPhase section */
		47165464163B0E14006FA8E6 /* ShellScript */ = {
			isa = PBXShellScriptBuildPhase;
			buildActionMask = 2147483647;
			files = (
			);
			inputPaths = (
			);
			outputPaths = (
			);
			runOnlyForDeploymentPostprocessing = 0;
			shellPath = /bin/sh;
			shellScript = "# Run the unit tests in this test bundle.\n\"${SYSTEM_DEVELOPER_DIR}/Tools/RunUnitTests\"\n";
		};
/* End PBXShellScriptBuildPhase section */

/* Begin PBXSourcesBuildPhase section */
		47165441163B0E14006FA8E6 /* Sources */ = {
			isa = PBXSourcesBuildPhase;
			buildActionMask = 2147483647;
			files = (
				4716545A163B0E14006FA8E6 /* AppDelegate.m in Sources */,
				479410301694C1DC00333176 /* RecipeListController.m in Sources */,
				4742B3461695DB7700E076AB /* Model.xcdatamodeld in Sources */,
				47C2F0AF16AF07AF001B2D4A /* EDStarRating.m in Sources */,
				4742B34E1695E33700E076AB /* RecipeSource.m in Sources */,
				4742B3531695E41300E076AB /* Recipe.m in Sources */,
				4742B3561695E42100E076AB /* Ingredient.m in Sources */,
				47DD9D8D16972D4F00499581 /* main.m in Sources */,
				474853BB16976A5600EA7360 /* RecipeController.m in Sources */,
				47C2F0B716AF1F25001B2D4A /* TagController.m in Sources */,
				47C2F0BA16AF218E001B2D4A /* Tag.m in Sources */,
				4721772C16B0676300D0488E /* PhotoGalleryController.m in Sources */,
				4721773016B0705700D0488E /* Media.m in Sources */,
				4721773516B08B7C00D0488E /* PhotoController.m in Sources */,
			);
			runOnlyForDeploymentPostprocessing = 0;
		};
		47165461163B0E14006FA8E6 /* Sources */ = {
			isa = PBXSourcesBuildPhase;
			buildActionMask = 2147483647;
			files = (
				47165475163B0E14006FA8E6 /* CookboxTests.m in Sources */,
				47C2F0AB16AF07A6001B2D4A /* EDStarRating.m in Sources */,
			);
			runOnlyForDeploymentPostprocessing = 0;
		};
/* End PBXSourcesBuildPhase section */

/* Begin PBXTargetDependency section */
		4716546C163B0E14006FA8E6 /* PBXTargetDependency */ = {
			isa = PBXTargetDependency;
			target = 47165444163B0E14006FA8E6 /* Cookbox */;
			targetProxy = 4716546B163B0E14006FA8E6 /* PBXContainerItemProxy */;
		};
		474853B516974F4500EA7360 /* PBXTargetDependency */ = {
			isa = PBXTargetDependency;
			name = GHMarkdownParser;
			targetProxy = 474853B416974F4500EA7360 /* PBXContainerItemProxy */;
		};
/* End PBXTargetDependency section */

/* Begin PBXVariantGroup section */
		47165452163B0E14006FA8E6 /* InfoPlist.strings */ = {
			isa = PBXVariantGroup;
			children = (
				47165453163B0E14006FA8E6 /* en */,
			);
			name = InfoPlist.strings;
			sourceTree = "<group>";
		};
		4716545B163B0E14006FA8E6 /* MainStoryboard.storyboard */ = {
			isa = PBXVariantGroup;
			children = (
				4716545C163B0E14006FA8E6 /* en */,
			);
			name = MainStoryboard.storyboard;
			sourceTree = "<group>";
		};
		47165470163B0E14006FA8E6 /* InfoPlist.strings */ = {
			isa = PBXVariantGroup;
			children = (
				47165471163B0E14006FA8E6 /* en */,
			);
			name = InfoPlist.strings;
			sourceTree = "<group>";
		};
/* End PBXVariantGroup section */

/* Begin XCBuildConfiguration section */
		47165476163B0E14006FA8E6 /* Debug */ = {
			isa = XCBuildConfiguration;
			buildSettings = {
				ALWAYS_SEARCH_USER_PATHS = YES;
				ARCHS = "$(ARCHS_STANDARD_32_BIT)";
				CLANG_ENABLE_OBJC_ARC = YES;
				"CODE_SIGN_IDENTITY[sdk=iphoneos*]" = "iPhone Developer";
				COPY_PHASE_STRIP = NO;
				GCC_C_LANGUAGE_STANDARD = gnu99;
				GCC_DYNAMIC_NO_PIC = NO;
				GCC_OPTIMIZATION_LEVEL = 0;
				GCC_PREPROCESSOR_DEFINITIONS = (
					"DEBUG=1",
					"$(inherited)",
				);
				GCC_SYMBOLS_PRIVATE_EXTERN = NO;
				GCC_VERSION = com.apple.compilers.llvm.clang.1_0;
				GCC_WARN_ABOUT_RETURN_TYPE = YES;
				GCC_WARN_UNINITIALIZED_AUTOS = YES;
				GCC_WARN_UNUSED_VARIABLE = YES;
				HEADER_SEARCH_PATHS = ../GHMarkdownParser;
				IPHONEOS_DEPLOYMENT_TARGET = 5.1;
				LIBRARY_SEARCH_PATHS = ../GHMarkdownParser;
				OTHER_LDFLAGS = (
					"-all_load",
					"-Objc",
				);
				SDKROOT = iphoneos;
				USER_HEADER_SEARCH_PATHS = /usr/local/include;
			};
			name = Debug;
		};
		47165477163B0E14006FA8E6 /* Release */ = {
			isa = XCBuildConfiguration;
			buildSettings = {
				ALWAYS_SEARCH_USER_PATHS = YES;
				ARCHS = "$(ARCHS_STANDARD_32_BIT)";
				CLANG_ENABLE_OBJC_ARC = YES;
				"CODE_SIGN_IDENTITY[sdk=iphoneos*]" = "iPhone Developer";
				COPY_PHASE_STRIP = YES;
				GCC_C_LANGUAGE_STANDARD = gnu99;
				GCC_VERSION = com.apple.compilers.llvm.clang.1_0;
				GCC_WARN_ABOUT_RETURN_TYPE = YES;
				GCC_WARN_UNINITIALIZED_AUTOS = YES;
				GCC_WARN_UNUSED_VARIABLE = YES;
				HEADER_SEARCH_PATHS = ../GHMarkdownParser;
				IPHONEOS_DEPLOYMENT_TARGET = 5.1;
				LIBRARY_SEARCH_PATHS = ../GHMarkdownParser;
				OTHER_CFLAGS = "-DNS_BLOCK_ASSERTIONS=1";
				OTHER_LDFLAGS = (
					"-all_load",
					"-Objc",
				);
				SDKROOT = iphoneos;
				USER_HEADER_SEARCH_PATHS = /usr/local/include;
				VALIDATE_PRODUCT = YES;
			};
			name = Release;
		};
		47165479163B0E14006FA8E6 /* Debug */ = {
			isa = XCBuildConfiguration;
			buildSettings = {
				FRAMEWORK_SEARCH_PATHS = (
					"$(inherited)",
					"\"$(SRCROOT)\"",
					"\"$(SYSTEM_APPS_DIR)/Xcode.app/Contents/Developer/Library/Frameworks\"",
					/usr/local/include,
				);
				GCC_PRECOMPILE_PREFIX_HEADER = YES;
				GCC_PREFIX_HEADER = "Cookbox/Cookbox-Prefix.pch";
				HEADER_SEARCH_PATHS = GHMarkdownParser;
				INFOPLIST_FILE = "Cookbox/Cookbox-Info.plist";
				LIBRARY_SEARCH_PATHS = (
					/usr/local/include,
					GHMarkdownParser,
				);
				PRODUCT_NAME = "$(TARGET_NAME)";
				WRAPPER_EXTENSION = app;
			};
			name = Debug;
		};
		4716547A163B0E14006FA8E6 /* Release */ = {
			isa = XCBuildConfiguration;
			buildSettings = {
				FRAMEWORK_SEARCH_PATHS = (
					"$(inherited)",
					"\"$(SRCROOT)\"",
					"\"$(SYSTEM_APPS_DIR)/Xcode.app/Contents/Developer/Library/Frameworks\"",
					/usr/local/include,
				);
				GCC_PRECOMPILE_PREFIX_HEADER = YES;
				GCC_PREFIX_HEADER = "Cookbox/Cookbox-Prefix.pch";
				HEADER_SEARCH_PATHS = GHMarkdownParser;
				INFOPLIST_FILE = "Cookbox/Cookbox-Info.plist";
				LIBRARY_SEARCH_PATHS = (
					/usr/local/include,
					GHMarkdownParser,
				);
				PRODUCT_NAME = "$(TARGET_NAME)";
				WRAPPER_EXTENSION = app;
			};
			name = Release;
		};
		4716547C163B0E14006FA8E6 /* Debug */ = {
			isa = XCBuildConfiguration;
			buildSettings = {
				BUNDLE_LOADER = "$(BUILT_PRODUCTS_DIR)/Cookbox.app/Cookbox";
				FRAMEWORK_SEARCH_PATHS = (
					"$(SDKROOT)/Developer/Library/Frameworks",
					"$(DEVELOPER_LIBRARY_DIR)/Frameworks",
				);
				GCC_PRECOMPILE_PREFIX_HEADER = YES;
				GCC_PREFIX_HEADER = "Cookbox/Cookbox-Prefix.pch";
				INFOPLIST_FILE = "CookboxTests/CookboxTests-Info.plist";
				PRODUCT_NAME = "$(TARGET_NAME)";
				TEST_HOST = "$(BUNDLE_LOADER)";
				WRAPPER_EXTENSION = octest;
			};
			name = Debug;
		};
		4716547D163B0E14006FA8E6 /* Release */ = {
			isa = XCBuildConfiguration;
			buildSettings = {
				BUNDLE_LOADER = "$(BUILT_PRODUCTS_DIR)/Cookbox.app/Cookbox";
				FRAMEWORK_SEARCH_PATHS = (
					"$(SDKROOT)/Developer/Library/Frameworks",
					"$(DEVELOPER_LIBRARY_DIR)/Frameworks",
				);
				GCC_PRECOMPILE_PREFIX_HEADER = YES;
				GCC_PREFIX_HEADER = "Cookbox/Cookbox-Prefix.pch";
				INFOPLIST_FILE = "CookboxTests/CookboxTests-Info.plist";
				PRODUCT_NAME = "$(TARGET_NAME)";
				TEST_HOST = "$(BUNDLE_LOADER)";
				WRAPPER_EXTENSION = octest;
			};
			name = Release;
		};
/* End XCBuildConfiguration section */

/* Begin XCConfigurationList section */
		4716543F163B0E14006FA8E6 /* Build configuration list for PBXProject "Cookbox" */ = {
			isa = XCConfigurationList;
			buildConfigurations = (
				47165476163B0E14006FA8E6 /* Debug */,
				47165477163B0E14006FA8E6 /* Release */,
			);
			defaultConfigurationIsVisible = 0;
			defaultConfigurationName = Release;
		};
		47165478163B0E14006FA8E6 /* Build configuration list for PBXNativeTarget "Cookbox" */ = {
			isa = XCConfigurationList;
			buildConfigurations = (
				47165479163B0E14006FA8E6 /* Debug */,
				4716547A163B0E14006FA8E6 /* Release */,
			);
			defaultConfigurationIsVisible = 0;
			defaultConfigurationName = Release;
		};
		4716547B163B0E14006FA8E6 /* Build configuration list for PBXNativeTarget "CookboxTests" */ = {
			isa = XCConfigurationList;
			buildConfigurations = (
				4716547C163B0E14006FA8E6 /* Debug */,
				4716547D163B0E14006FA8E6 /* Release */,
			);
			defaultConfigurationIsVisible = 0;
			defaultConfigurationName = Release;
		};
/* End XCConfigurationList section */

/* Begin XCVersionGroup section */
		4742B3441695DB7700E076AB /* Model.xcdatamodeld */ = {
			isa = XCVersionGroup;
			children = (
				4721772D16B06F6A00D0488E /* Media.xcdatamodel */,
				47C2F0B416AF1AB2001B2D4A /* Tag.xcdatamodel */,
				47C2F0B316AF1523001B2D4A /* RecipeRating.xcdatamodel */,
				4742B3451695DB7700E076AB /* Model.xcdatamodel */,
			);
			currentVersion = 4721772D16B06F6A00D0488E /* Media.xcdatamodel */;
			path = Model.xcdatamodeld;
			sourceTree = "<group>";
			versionGroupType = wrapper.xcdatamodel;
		};
/* End XCVersionGroup section */
	};
	rootObject = 4716543C163B0E14006FA8E6 /* Project object */;
}
